
Microsoft Visual Studio Solution File, Format Version 12.00
# Visual Studio Version 17
VisualStudioVersion = 17.1.32328.378
MinimumVisualStudioVersion = 10.0.40219.1
Project("{9A19103F-16F7-4668-BE54-9A1E7A4F7556}") = "API", "API\API.csproj", "{7175F90A-BBE1-4D84-B9C4-39BA35507EFA}"
EndProject
Project("{9A19103F-16F7-4668-BE54-9A1E7A4F7556}") = "Worker", "Worker\Worker.csproj", "{4857FA12-626B-4060-9020-2474CE934752}"
EndProject
Project("{FAE04EC0-301F-11D3-BF4B-00C04F79EFBC}") = "Commons", "Commons\Commons.csproj", "{C22D20FC-F0A9-4559-A033-9B7FF4B0404F}"
EndProject
Global
	GlobalSection(SolutionConfigurationPlatforms) = preSolution
		Debug|Any CPU = Debug|Any CPU
		Release|Any CPU = Release|Any CPU
	EndGlobalSection
	GlobalSection(ProjectConfigurationPlatforms) = postSolution
		{7175F90A-BBE1-4D84-B9C4-39BA35507EFA}.Debug|Any CPU.ActiveCfg = Debug|Any CPU
		{7175F90A-BBE1-4D84-B9C4-39BA35507EFA}.Debug|Any CPU.Build.0 = Debug|Any CPU
		{7175F90A-BBE1-4D84-B9C4-39BA35507EFA}.Release|Any CPU.ActiveCfg = Release|Any CPU
		{7175F90A-BBE1-4D84-B9C4-39BA35507EFA}.Release|Any CPU.Build.0 = Release|Any CPU
		{4857FA12-626B-4060-9020-2474CE934752}.Debug|Any CPU.ActiveCfg = Debug|Any CPU
		{4857FA12-626B-4060-9020-2474CE934752}.Debug|Any CPU.Build.0 = Debug|Any CPU
		{4857FA12-626B-4060-9020-2474CE934752}.Release|Any CPU.ActiveCfg = Release|Any CPU
		{4857FA12-626B-4060-9020-2474CE934752}.Release|Any CPU.Build.0 = Release|Any CPU
		{C22D20FC-F0A9-4559-A033-9B7FF4B0404F}.Debug|Any CPU.ActiveCfg = Debug|Any CPU
		{C22D20FC-F0A9-4559-A033-9B7FF4B0404F}.Debug|Any CPU.Build.0 = Debug|Any CPU
		{C22D20FC-F0A9-4559-A033-9B7FF4B0404F}.Release|Any CPU.ActiveCfg = Release|Any CPU
		{C22D20FC-F0A9-4559-A033-9B7FF4B0404F}.Release|Any CPU.Build.0 = Release|Any CPU
	EndGlobalSection
	GlobalSection(SolutionProperties) = preSolution
		HideSolutionNode = FALSE
	EndGlobalSection
	GlobalSection(ExtensibilityGlobals) = postSolution
		SolutionGuid = {72812F0A-C35E-486B-AFED-483420BC8DDD}
	EndGlobalSection
EndGlobal
